// !$*UTF8*$!
{
	archiveVersion = 1;
	classes = {
	};
	objectVersion = 50;
	objects = {

/* Begin PBXBuildFile section */
		450F451C2702BB8C0075552C /* AppDelegate.swift in Sources */ = {isa = PBXBuildFile; fileRef = 450F451B2702BB8C0075552C /* AppDelegate.swift */; };
		450F451E2702BB8C0075552C /* SceneDelegate.swift in Sources */ = {isa = PBXBuildFile; fileRef = 450F451D2702BB8C0075552C /* SceneDelegate.swift */; };
		450F45202702BB8C0075552C /* ViewController.swift in Sources */ = {isa = PBXBuildFile; fileRef = 450F451F2702BB8C0075552C /* ViewController.swift */; };
		450F45232702BB8C0075552C /* Main.storyboard in Resources */ = {isa = PBXBuildFile; fileRef = 450F45212702BB8C0075552C /* Main.storyboard */; };
		450F45252702BB920075552C /* Assets.xcassets in Resources */ = {isa = PBXBuildFile; fileRef = 450F45242702BB920075552C /* Assets.xcassets */; };
		450F45282702BB920075552C /* LaunchScreen.storyboard in Resources */ = {isa = PBXBuildFile; fileRef = 450F45262702BB920075552C /* LaunchScreen.storyboard */; };
		450F45332702BB920075552C /* _021TestProjTests.swift in Sources */ = {isa = PBXBuildFile; fileRef = 450F45322702BB920075552C /* _021TestProjTests.swift */; };
		450F453E2702BB920075552C /* _021TestProjUITests.swift in Sources */ = {isa = PBXBuildFile; fileRef = 450F453D2702BB920075552C /* _021TestProjUITests.swift */; };
		450F454C2702C5820075552C /* Test.swift in Sources */ = {isa = PBXBuildFile; fileRef = 450F454B2702C5820075552C /* Test.swift */; };
		450F454E2702C7090075552C /* Fffff.swift in Sources */ = {isa = PBXBuildFile; fileRef = 450F454D2702C7090075552C /* Fffff.swift */; };
/* End PBXBuildFile section */

/* Begin PBXContainerItemProxy section */
		450F452F2702BB920075552C /* PBXContainerItemProxy */ = {
			isa = PBXContainerItemProxy;
			containerPortal = 450F45102702BB8C0075552C /* Project object */;
			proxyType = 1;
			remoteGlobalIDString = 450F45172702BB8C0075552C;
			remoteInfo = 2021TestProj;
		};
		450F453A2702BB920075552C /* PBXContainerItemProxy */ = {
			isa = PBXContainerItemProxy;
			containerPortal = 450F45102702BB8C0075552C /* Project object */;
			proxyType = 1;
			remoteGlobalIDString = 450F45172702BB8C0075552C;
			remoteInfo = 2021TestProj;
		};
/* End PBXContainerItemProxy section */

/* Begin PBXFileReference section */
		450F45182702BB8C0075552C /* 2021TestProj.app */ = {isa = PBXFileReference; explicitFileType = wrapper.application; includeInIndex = 0; path = 2021TestProj.app; sourceTree = BUILT_PRODUCTS_DIR; };
		450F451B2702BB8C0075552C /* AppDelegate.swift */ = {isa = PBXFileReference; lastKnownFileType = sourcecode.swift; path = AppDelegate.swift; sourceTree = "<group>"; };
		450F451D2702BB8C0075552C /* SceneDelegate.swift */ = {isa = PBXFileReference; lastKnownFileType = sourcecode.swift; path = SceneDelegate.swift; sourceTree = "<group>"; };
		450F451F2702BB8C0075552C /* ViewController.swift */ = {isa = PBXFileReference; lastKnownFileType = sourcecode.swift; path = ViewController.swift; sourceTree = "<group>"; };
		450F45222702BB8C0075552C /* Base */ = {isa = PBXFileReference; lastKnownFileType = file.storyboard; name = Base; path = Base.lproj/Main.storyboard; sourceTree = "<group>"; };
		450F45242702BB920075552C /* Assets.xcassets */ = {isa = PBXFileReference; lastKnownFileType = folder.assetcatalog; path = Assets.xcassets; sourceTree = "<group>"; };
		450F45272702BB920075552C /* Base */ = {isa = PBXFileReference; lastKnownFileType = file.storyboard; name = Base; path = Base.lproj/LaunchScreen.storyboard; sourceTree = "<group>"; };
		450F45292702BB920075552C /* Info.plist */ = {isa = PBXFileReference; lastKnownFileType = text.plist.xml; path = Info.plist; sourceTree = "<group>"; };
		450F452E2702BB920075552C /* 2021TestProjTests.xctest */ = {isa = PBXFileReference; explicitFileType = wrapper.cfbundle; includeInIndex = 0; path = 2021TestProjTests.xctest; sourceTree = BUILT_PRODUCTS_DIR; };
		450F45322702BB920075552C /* _021TestProjTests.swift */ = {isa = PBXFileReference; lastKnownFileType = sourcecode.swift; path = _021TestProjTests.swift; sourceTree = "<group>"; };
		450F45342702BB920075552C /* Info.plist */ = {isa = PBXFileReference; lastKnownFileType = text.plist.xml; path = Info.plist; sourceTree = "<group>"; };
		450F45392702BB920075552C /* 2021TestProjUITests.xctest */ = {isa = PBXFileReference; explicitFileType = wrapper.cfbundle; includeInIndex = 0; path = 2021TestProjUITests.xctest; sourceTree = BUILT_PRODUCTS_DIR; };
		450F453D2702BB920075552C /* _021TestProjUITests.swift */ = {isa = PBXFileReference; lastKnownFileType = sourcecode.swift; path = _021TestProjUITests.swift; sourceTree = "<group>"; };
		450F453F2702BB920075552C /* Info.plist */ = {isa = PBXFileReference; lastKnownFileType = text.plist.xml; path = Info.plist; sourceTree = "<group>"; };
		450F454B2702C5820075552C /* Test.swift */ = {isa = PBXFileReference; lastKnownFileType = sourcecode.swift; path = Test.swift; sourceTree = "<group>"; };
		450F454D2702C7090075552C /* Fffff.swift */ = {isa = PBXFileReference; lastKnownFileType = sourcecode.swift; path = Fffff.swift; sourceTree = "<group>"; };
/* End PBXFileReference section */

/* Begin PBXFrameworksBuildPhase section */
		450F45152702BB8C0075552C /* Frameworks */ = {
			isa = PBXFrameworksBuildPhase;
			buildActionMask = 2147483647;
			files = (
			);
			runOnlyForDeploymentPostprocessing = 0;
		};
		450F452B2702BB920075552C /* Frameworks */ = {
			isa = PBXFrameworksBuildPhase;
			buildActionMask = 2147483647;
			files = (
			);
			runOnlyForDeploymentPostprocessing = 0;
		};
		450F45362702BB920075552C /* Frameworks */ = {
			isa = PBXFrameworksBuildPhase;
			buildActionMask = 2147483647;
			files = (
			);
			runOnlyForDeploymentPostprocessing = 0;
		};
/* End PBXFrameworksBuildPhase section */

/* Begin PBXGroup section */
		450F450F2702BB8C0075552C = {
			isa = PBXGroup;
			children = (
				450F451A2702BB8C0075552C /* 2021TestProj */,
				450F45312702BB920075552C /* 2021TestProjTests */,
				450F453C2702BB920075552C /* 2021TestProjUITests */,
				450F45192702BB8C0075552C /* Products */,
			);
			sourceTree = "<group>";
		};
		450F45192702BB8C0075552C /* Products */ = {
			isa = PBXGroup;
			children = (
				450F45182702BB8C0075552C /* 2021TestProj.app */,
				450F452E2702BB920075552C /* 2021TestProjTests.xctest */,
				450F45392702BB920075552C /* 2021TestProjUITests.xctest */,
			);
			name = Products;
			sourceTree = "<group>";
		};
		450F451A2702BB8C0075552C /* 2021TestProj */ = {
			isa = PBXGroup;
			children = (
				450F451B2702BB8C0075552C /* AppDelegate.swift */,
				450F451D2702BB8C0075552C /* SceneDelegate.swift */,
				450F451F2702BB8C0075552C /* ViewController.swift */,
				450F45212702BB8C0075552C /* Main.storyboard */,
				450F45242702BB920075552C /* Assets.xcassets */,
				450F45262702BB920075552C /* LaunchScreen.storyboard */,
				450F45292702BB920075552C /* Info.plist */,
				450F454B2702C5820075552C /* Test.swift */,
				450F454D2702C7090075552C /* Fffff.swift */,
			);
			path = 2021TestProj;
			sourceTree = "<group>";
		};
		450F45312702BB920075552C /* 2021TestProjTests */ = {
			isa = PBXGroup;
			children = (
				450F45322702BB920075552C /* _021TestProjTests.swift */,
				450F45342702BB920075552C /* Info.plist */,
			);
			path = 2021TestProjTests;
			sourceTree = "<group>";
		};
		450F453C2702BB920075552C /* 2021TestProjUITests */ = {
			isa = PBXGroup;
			children = (
				450F453D2702BB920075552C /* _021TestProjUITests.swift */,
				450F453F2702BB920075552C /* Info.plist */,
			);
			path = 2021TestProjUITests;
			sourceTree = "<group>";
		};
/* End PBXGroup section */

/* Begin PBXNativeTarget section */
		450F45172702BB8C0075552C /* 2021TestProj */ = {
			isa = PBXNativeTarget;
			buildConfigurationList = 450F45422702BB920075552C /* Build configuration list for PBXNativeTarget "2021TestProj" */;
			buildPhases = (
				450F45142702BB8C0075552C /* Sources */,
				450F45152702BB8C0075552C /* Frameworks */,
				450F45162702BB8C0075552C /* Resources */,
			);
			buildRules = (
			);
			dependencies = (
			);
			name = 2021TestProj;
			productName = 2021TestProj;
			productReference = 450F45182702BB8C0075552C /* 2021TestProj.app */;
			productType = "com.apple.product-type.application";
		};
		450F452D2702BB920075552C /* 2021TestProjTests */ = {
			isa = PBXNativeTarget;
			buildConfigurationList = 450F45452702BB920075552C /* Build configuration list for PBXNativeTarget "2021TestProjTests" */;
			buildPhases = (
				450F452A2702BB920075552C /* Sources */,
				450F452B2702BB920075552C /* Frameworks */,
				450F452C2702BB920075552C /* Resources */,
			);
			buildRules = (
			);
			dependencies = (
				450F45302702BB920075552C /* PBXTargetDependency */,
			);
			name = 2021TestProjTests;
			productName = 2021TestProjTests;
			productReference = 450F452E2702BB920075552C /* 2021TestProjTests.xctest */;
			productType = "com.apple.product-type.bundle.unit-test";
		};
		450F45382702BB920075552C /* 2021TestProjUITests */ = {
			isa = PBXNativeTarget;
			buildConfigurationList = 450F45482702BB920075552C /* Build configuration list for PBXNativeTarget "2021TestProjUITests" */;
			buildPhases = (
				450F45352702BB920075552C /* Sources */,
				450F45362702BB920075552C /* Frameworks */,
				450F45372702BB920075552C /* Resources */,
			);
			buildRules = (
			);
			dependencies = (
				450F453B2702BB920075552C /* PBXTargetDependency */,
			);
			name = 2021TestProjUITests;
			productName = 2021TestProjUITests;
			productReference = 450F45392702BB920075552C /* 2021TestProjUITests.xctest */;
			productType = "com.apple.product-type.bundle.ui-testing";
		};
/* End PBXNativeTarget section */

/* Begin PBXProject section */
		450F45102702BB8C0075552C /* Project object */ = {
			isa = PBXProject;
			attributes = {
				LastSwiftUpdateCheck = 1250;
				LastUpgradeCheck = 1250;
				TargetAttributes = {
					450F45172702BB8C0075552C = {
						CreatedOnToolsVersion = 12.5.1;
					};
					450F452D2702BB920075552C = {
						CreatedOnToolsVersion = 12.5.1;
						TestTargetID = 450F45172702BB8C0075552C;
					};
					450F45382702BB920075552C = {
						CreatedOnToolsVersion = 12.5.1;
						TestTargetID = 450F45172702BB8C0075552C;
					};
				};
			};
			buildConfigurationList = 450F45132702BB8C0075552C /* Build configuration list for PBXProject "2021TestProj" */;
			compatibilityVersion = "Xcode 9.3";
			developmentRegion = en;
			hasScannedForEncodings = 0;
			knownRegions = (
				en,
				Base,
			);
			mainGroup = 450F450F2702BB8C0075552C;
			productRefGroup = 450F45192702BB8C0075552C /* Products */;
			projectDirPath = "";
			projectRoot = "";
			targets = (
				450F45172702BB8C0075552C /* 2021TestProj */,
				450F452D2702BB920075552C /* 2021TestProjTests */,
				450F45382702BB920075552C /* 2021TestProjUITests */,
			);
		};
/* End PBXProject section */

/* Begin PBXResourcesBuildPhase section */
		450F45162702BB8C0075552C /* Resources */ = {
			isa = PBXResourcesBuildPhase;
			buildActionMask = 2147483647;
			files = (
				450F45282702BB920075552C /* LaunchScreen.storyboard in Resources */,
				450F45252702BB920075552C /* Assets.xcassets in Resources */,
				450F45232702BB8C0075552C /* Main.storyboard in Resources */,
			);
			runOnlyForDeploymentPostprocessing = 0;
		};
		450F452C2702BB920075552C /* Resources */ = {
			isa = PBXResourcesBuildPhase;
			buildActionMask = 2147483647;
			files = (
			);
			runOnlyForDeploymentPostprocessing = 0;
		};
		450F45372702BB920075552C /* Resources */ = {
			isa = PBXResourcesBuildPhase;
			buildActionMask = 2147483647;
			files = (
			);
			runOnlyForDeploymentPostprocessing = 0;
		};
/* End PBXResourcesBuildPhase section */

/* Begin PBXSourcesBuildPhase section */
		450F45142702BB8C0075552C /* Sources */ = {
			isa = PBXSourcesBuildPhase;
			buildActionMask = 2147483647;
			files = (
				450F454E2702C7090075552C /* Fffff.swift in Sources */,
				450F45202702BB8C0075552C /* ViewController.swift in Sources */,
				450F454C2702C5820075552C /* Test.swift in Sources */,
				450F451C2702BB8C0075552C /* AppDelegate.swift in Sources */,
				450F451E2702BB8C0075552C /* SceneDelegate.swift in Sources */,
			);
			runOnlyForDeploymentPostprocessing = 0;
		};
		450F452A2702BB920075552C /* Sources */ = {
			isa = PBXSourcesBuildPhase;
			buildActionMask = 2147483647;
			files = (
				450F45332702BB920075552C /* _021TestProjTests.swift in Sources */,
			);
			runOnlyForDeploymentPostprocessing = 0;
		};
		450F45352702BB920075552C /* Sources */ = {
			isa = PBXSourcesBuildPhase;
			buildActionMask = 2147483647;
			files = (
				450F453E2702BB920075552C /* _021TestProjUITests.swift in Sources */,
			);
			runOnlyForDeploymentPostprocessing = 0;
		};
/* End PBXSourcesBuildPhase section */

/* Begin PBXTargetDependency section */
		450F45302702BB920075552C /* PBXTargetDependency */ = {
			isa = PBXTargetDependency;
			target = 450F45172702BB8C0075552C /* 2021TestProj */;
			targetProxy = 450F452F2702BB920075552C /* PBXContainerItemProxy */;
		};
		450F453B2702BB920075552C /* PBXTargetDependency */ = {
			isa = PBXTargetDependency;
			target = 450F45172702BB8C0075552C /* 2021TestProj */;
			targetProxy = 450F453A2702BB920075552C /* PBXContainerItemProxy */;
		};
/* End PBXTargetDependency section */

/* Begin PBXVariantGroup section */
		450F45212702BB8C0075552C /* Main.storyboard */ = {
			isa = PBXVariantGroup;
			children = (
				450F45222702BB8C0075552C /* Base */,
			);
			name = Main.storyboard;
			sourceTree = "<group>";
		};
		450F45262702BB920075552C /* LaunchScreen.storyboard */ = {
			isa = PBXVariantGroup;
			children = (
				450F45272702BB920075552C /* Base */,
			);
			name = LaunchScreen.storyboard;
			sourceTree = "<group>";
		};
/* End PBXVariantGroup section */

/* Begin XCBuildConfiguration section */
		450F45402702BB920075552C /* Debug */ = {
			isa = XCBuildConfiguration;
			buildSettings = {
				ALWAYS_SEARCH_USER_PATHS = NO;
				CLANG_ANALYZER_NONNULL = YES;
				CLANG_ANALYZER_NUMBER_OBJECT_CONVERSION = YES_AGGRESSIVE;
				CLANG_CXX_LANGUAGE_STANDARD = "gnu++14";
				CLANG_CXX_LIBRARY = "libc++";
				CLANG_ENABLE_MODULES = YES;
				CLANG_ENABLE_OBJC_ARC = YES;
				CLANG_ENABLE_OBJC_WEAK = YES;
				CLANG_WARN_BLOCK_CAPTURE_AUTORELEASING = YES;
				CLANG_WARN_BOOL_CONVERSION = YES;
				CLANG_WARN_COMMA = YES;
				CLANG_WARN_CONSTANT_CONVERSION = YES;
				CLANG_WARN_DEPRECATED_OBJC_IMPLEMENTATIONS = YES;
				CLANG_WARN_DIRECT_OBJC_ISA_USAGE = YES_ERROR;
				CLANG_WARN_DOCUMENTATION_COMMENTS = YES;
				CLANG_WARN_EMPTY_BODY = YES;
				CLANG_WARN_ENUM_CONVERSION = YES;
				CLANG_WARN_INFINITE_RECURSION = YES;
				CLANG_WARN_INT_CONVERSION = YES;
				CLANG_WARN_NON_LITERAL_NULL_CONVERSION = YES;
				CLANG_WARN_OBJC_IMPLICIT_RETAIN_SELF = YES;
				CLANG_WARN_OBJC_LITERAL_CONVERSION = YES;
				CLANG_WARN_OBJC_ROOT_CLASS = YES_ERROR;
				CLANG_WARN_QUOTED_INCLUDE_IN_FRAMEWORK_HEADER = YES;
				CLANG_WARN_RANGE_LOOP_ANALYSIS = YES;
				CLANG_WARN_STRICT_PROTOTYPES = YES;
				CLANG_WARN_SUSPICIOUS_MOVE = YES;
				CLANG_WARN_UNGUARDED_AVAILABILITY = YES_AGGRESSIVE;
				CLANG_WARN_UNREACHABLE_CODE = YES;
				CLANG_WARN__DUPLICATE_METHOD_MATCH = YES;
				COPY_PHASE_STRIP = NO;
				DEBUG_INFORMATION_FORMAT = dwarf;
				ENABLE_STRICT_OBJC_MSGSEND = YES;
				ENABLE_TESTABILITY = YES;
				GCC_C_LANGUAGE_STANDARD = gnu11;
				GCC_DYNAMIC_NO_PIC = NO;
				GCC_NO_COMMON_BLOCKS = YES;
				GCC_OPTIMIZATION_LEVEL = 0;
				GCC_PREPROCESSOR_DEFINITIONS = (
					"DEBUG=1",
					"$(inherited)",
				);
				GCC_WARN_64_TO_32_BIT_CONVERSION = YES;
				GCC_WARN_ABOUT_RETURN_TYPE = YES_ERROR;
				GCC_WARN_UNDECLARED_SELECTOR = YES;
				GCC_WARN_UNINITIALIZED_AUTOS = YES_AGGRESSIVE;
				GCC_WARN_UNUSED_FUNCTION = YES;
				GCC_WARN_UNUSED_VARIABLE = YES;
				IPHONEOS_DEPLOYMENT_TARGET = 14.5;
				MTL_ENABLE_DEBUG_INFO = INCLUDE_SOURCE;
				MTL_FAST_MATH = YES;
				ONLY_ACTIVE_ARCH = YES;
				SDKROOT = iphoneos;
				SWIFT_ACTIVE_COMPILATION_CONDITIONS = DEBUG;
				SWIFT_OPTIMIZATION_LEVEL = "-Onone";
			};
			name = Debug;
		};
		450F45412702BB920075552C /* Release */ = {
			isa = XCBuildConfiguration;
			buildSettings = {
				ALWAYS_SEARCH_USER_PATHS = NO;
				CLANG_ANALYZER_NONNULL = YES;
				CLANG_ANALYZER_NUMBER_OBJECT_CONVERSION = YES_AGGRESSIVE;
				CLANG_CXX_LANGUAGE_STANDARD = "gnu++14";
				CLANG_CXX_LIBRARY = "libc++";
				CLANG_ENABLE_MODULES = YES;
				CLANG_ENABLE_OBJC_ARC = YES;
				CLANG_ENABLE_OBJC_WEAK = YES;
				CLANG_WARN_BLOCK_CAPTURE_AUTORELEASING = YES;
				CLANG_WARN_BOOL_CONVERSION = YES;
				CLANG_WARN_COMMA = YES;
				CLANG_WARN_CONSTANT_CONVERSION = YES;
				CLANG_WARN_DEPRECATED_OBJC_IMPLEMENTATIONS = YES;
				CLANG_WARN_DIRECT_OBJC_ISA_USAGE = YES_ERROR;
				CLANG_WARN_DOCUMENTATION_COMMENTS = YES;
				CLANG_WARN_EMPTY_BODY = YES;
				CLANG_WARN_ENUM_CONVERSION = YES;
				CLANG_WARN_INFINITE_RECURSION = YES;
				CLANG_WARN_INT_CONVERSION = YES;
				CLANG_WARN_NON_LITERAL_NULL_CONVERSION = YES;
				CLANG_WARN_OBJC_IMPLICIT_RETAIN_SELF = YES;
				CLANG_WARN_OBJC_LITERAL_CONVERSION = YES;
				CLANG_WARN_OBJC_ROOT_CLASS = YES_ERROR;
				CLANG_WARN_QUOTED_INCLUDE_IN_FRAMEWORK_HEADER = YES;
				CLANG_WARN_RANGE_LOOP_ANALYSIS = YES;
				CLANG_WARN_STRICT_PROTOTYPES = YES;
				CLANG_WARN_SUSPICIOUS_MOVE = YES;
				CLANG_WARN_UNGUARDED_AVAILABILITY = YES_AGGRESSIVE;
				CLANG_WARN_UNREACHABLE_CODE = YES;
				CLANG_WARN__DUPLICATE_METHOD_MATCH = YES;
				COPY_PHASE_STRIP = NO;
				DEBUG_INFORMATION_FORMAT = "dwarf-with-dsym";
				ENABLE_NS_ASSERTIONS = NO;
				ENABLE_STRICT_OBJC_MSGSEND = YES;
				GCC_C_LANGUAGE_STANDARD = gnu11;
				GCC_NO_COMMON_BLOCKS = YES;
				GCC_WARN_64_TO_32_BIT_CONVERSION = YES;
				GCC_WARN_ABOUT_RETURN_TYPE = YES_ERROR;
				GCC_WARN_UNDECLARED_SELECTOR = YES;
				GCC_WARN_UNINITIALIZED_AUTOS = YES_AGGRESSIVE;
				GCC_WARN_UNUSED_FUNCTION = YES;
				GCC_WARN_UNUSED_VARIABLE = YES;
				IPHONEOS_DEPLOYMENT_TARGET = 14.5;
				MTL_ENABLE_DEBUG_INFO = NO;
				MTL_FAST_MATH = YES;
				SDKROOT = iphoneos;
				SWIFT_COMPILATION_MODE = wholemodule;
				SWIFT_OPTIMIZATION_LEVEL = "-O";
				VALIDATE_PRODUCT = YES;
			};
			name = Release;
		};
		450F45432702BB920075552C /* Debug */ = {
			isa = XCBuildConfiguration;
			buildSettings = {
				ASSETCATALOG_COMPILER_APPICON_NAME = AppIcon;
				ASSETCATALOG_COMPILER_GLOBAL_ACCENT_COLOR_NAME = AccentColor;
				CODE_SIGN_STYLE = Automatic;
				INFOPLIST_FILE = 2021TestProj/Info.plist;
				LD_RUNPATH_SEARCH_PATHS = (
					"$(inherited)",
					"@executable_path/Frameworks",
				);
				PRODUCT_BUNDLE_IDENTIFIER = "test.-021TestProj";
				PRODUCT_NAME = "$(TARGET_NAME)";
				SWIFT_VERSION = 5.0;
				TARGETED_DEVICE_FAMILY = "1,2";
			};
			name = Debug;
		};
		450F45442702BB920075552C /* Release */ = {
			isa = XCBuildConfiguration;
			buildSettings = {
				ASSETCATALOG_COMPILER_APPICON_NAME = AppIcon;
				ASSETCATALOG_COMPILER_GLOBAL_ACCENT_COLOR_NAME = AccentColor;
				CODE_SIGN_STYLE = Automatic;
				INFOPLIST_FILE = 2021TestProj/Info.plist;
				LD_RUNPATH_SEARCH_PATHS = (
					"$(inherited)",
					"@executable_path/Frameworks",
				);
				PRODUCT_BUNDLE_IDENTIFIER = "test.-021TestProj";
				PRODUCT_NAME = "$(TARGET_NAME)";
				SWIFT_VERSION = 5.0;
				TARGETED_DEVICE_FAMILY = "1,2";
			};
			name = Release;
		};
		450F45462702BB920075552C /* Debug */ = {
			isa = XCBuildConfiguration;
			buildSettings = {
				ALWAYS_EMBED_SWIFT_STANDARD_LIBRARIES = YES;
				BUNDLE_LOADER = "$(TEST_HOST)";
				CODE_SIGN_STYLE = Automatic;
				INFOPLIST_FILE = 2021TestProjTests/Info.plist;
				IPHONEOS_DEPLOYMENT_TARGET = 14.5;
				LD_RUNPATH_SEARCH_PATHS = (
					"$(inherited)",
					"@executable_path/Frameworks",
					"@loader_path/Frameworks",
				);
				PRODUCT_BUNDLE_IDENTIFIER = "test.-021TestProjTests";
				PRODUCT_NAME = "$(TARGET_NAME)";
				SWIFT_VERSION = 5.0;
				TARGETED_DEVICE_FAMILY = "1,2";
				TEST_HOST = "$(BUILT_PRODUCTS_DIR)/2021TestProj.app/2021TestProj";
			};
			name = Debug;
		};
		450F45472702BB920075552C /* Release */ = {
			isa = XCBuildConfiguration;
			buildSettings = {
				ALWAYS_EMBED_SWIFT_STANDARD_LIBRARIES = YES;
				BUNDLE_LOADER = "$(TEST_HOST)";
				CODE_SIGN_STYLE = Automatic;
				INFOPLIST_FILE = 2021TestProjTests/Info.plist;
				IPHONEOS_DEPLOYMENT_TARGET = 14.5;
				LD_RUNPATH_SEARCH_PATHS = (
					"$(inherited)",
					"@executable_path/Frameworks",
					"@loader_path/Frameworks",
				);
				PRODUCT_BUNDLE_IDENTIFIER = "test.-021TestProjTests";
				PRODUCT_NAME = "$(TARGET_NAME)";
				SWIFT_VERSION = 5.0;
				TARGETED_DEVICE_FAMILY = "1,2";
				TEST_HOST = "$(BUILT_PRODUCTS_DIR)/2021TestProj.app/2021TestProj";
			};
			name = Release;
		};
		450F45492702BB920075552C /* Debug */ = {
			isa = XCBuildConfiguration;
			buildSettings = {
				ALWAYS_EMBED_SWIFT_STANDARD_LIBRARIES = YES;
				CODE_SIGN_STYLE = Automatic;
				INFOPLIST_FILE = 2021TestProjUITests/Info.plist;
				LD_RUNPATH_SEARCH_PATHS = (
					"$(inherited)",
					"@executable_path/Frameworks",
					"@loader_path/Frameworks",
				);
				PRODUCT_BUNDLE_IDENTIFIER = "test.-021TestProjUITests";
				PRODUCT_NAME = "$(TARGET_NAME)";
				SWIFT_VERSION = 5.0;
				TARGETED_DEVICE_FAMILY = "1,2";
				TEST_TARGET_NAME = 2021TestProj;
			};
			name = Debug;
		};
		450F454A2702BB920075552C /* Release */ = {
			isa = XCBuildConfiguration;
			buildSettings = {
				ALWAYS_EMBED_SWIFT_STANDARD_LIBRARIES = YES;
				CODE_SIGN_STYLE = Automatic;
				INFOPLIST_FILE = 2021TestProjUITests/Info.plist;
				LD_RUNPATH_SEARCH_PATHS = (
					"$(inherited)",
					"@executable_path/Frameworks",
					"@loader_path/Frameworks",
				);
				PRODUCT_BUNDLE_IDENTIFIER = "test.-021TestProjUITests";
				PRODUCT_NAME = "$(TARGET_NAME)";
				SWIFT_VERSION = 5.0;
				TARGETED_DEVICE_FAMILY = "1,2";
				TEST_TARGET_NAME = 2021TestProj;
			};
			name = Release;
		};
/* End XCBuildConfiguration section */

/* Begin XCConfigurationList section */
		450F45132702BB8C0075552C /* Build configuration list for PBXProject "2021TestProj" */ = {
			isa = XCConfigurationList;
			buildConfigurations = (
				450F45402702BB920075552C /* Debug */,
				450F45412702BB920075552C /* Release */,
			);
			defaultConfigurationIsVisible = 0;
			defaultConfigurationName = Release;
		};
		450F45422702BB920075552C /* Build configuration list for PBXNativeTarget "2021TestProj" */ = {
			isa = XCConfigurationList;
			buildConfigurations = (
				450F45432702BB920075552C /* Debug */,
				450F45442702BB920075552C /* Release */,
			);
			defaultConfigurationIsVisible = 0;
			defaultConfigurationName = Release;
		};
		450F45452702BB920075552C /* Build configuration list for PBXNativeTarget "2021TestProjTests" */ = {
			isa = XCConfigurationList;
			buildConfigurations = (
				450F45462702BB920075552C /* Debug */,
				450F45472702BB920075552C /* Release */,
			);
			defaultConfigurationIsVisible = 0;
			defaultConfigurationName = Release;
		};
		450F45482702BB920075552C /* Build configuration list for PBXNativeTarget "2021TestProjUITests" */ = {
			isa = XCConfigurationList;
			buildConfigurations = (
				450F45492702BB920075552C /* Debug */,
				450F454A2702BB920075552C /* Release */,
			);
			defaultConfigurationIsVisible = 0;
			defaultConfigurationName = Release;
		};
/* End XCConfigurationList section */
	};
	rootObject = 450F45102702BB8C0075552C /* Project object */;
}
